
Microsoft Visual Studio Solution File, Format Version 12.00
# Visual Studio Version 17
VisualStudioVersion = 17.14.36202.13
MinimumVisualStudioVersion = 10.0.40219.1
Project("{FAE04EC0-301F-11D3-BF4B-00C04F79EFBC}") = "BlogApi", "BlogApi\BlogApi.csproj", "{6FD90F23-0C9E-4FEC-ABD6-E17B60636D35}"
EndProject
Project("{FAE04EC0-301F-11D3-BF4B-00C04F79EFBC}") = "BlogApi.Presentation", "BlogApi.Presentation\BlogApi.Presentation.csproj", "{4F5050E8-1BC8-4F63-9377-4E9EA011D787}"
EndProject
Project("{FAE04EC0-301F-11D3-BF4B-00C04F79EFBC}") = "Contracts", "Contracts\Contracts.csproj", "{D092C6D8-A606-4C4D-B165-116BAD83F054}"
EndProject
Project("{FAE04EC0-301F-11D3-BF4B-00C04F79EFBC}") = "Entities", "Entities\Entities.csproj", "{108F71E0-893A-4B32-B4E9-2F14C4B4FF26}"
EndProject
Project("{FAE04EC0-301F-11D3-BF4B-00C04F79EFBC}") = "LoggerService", "LoggerService\LoggerService.csproj", "{636CE0C6-CAAC-4B66-AB55-FEB24C037136}"
EndProject
Project("{FAE04EC0-301F-11D3-BF4B-00C04F79EFBC}") = "Repository", "Repository\Repository.csproj", "{608E0A74-5F96-4760-AA82-A8744BC9D891}"
EndProject
Project("{FAE04EC0-301F-11D3-BF4B-00C04F79EFBC}") = "Service", "Service\Service.csproj", "{63D9FCBB-292A-4728-BFE2-59ADE7E55402}"
EndProject
Project("{FAE04EC0-301F-11D3-BF4B-00C04F79EFBC}") = "Service.Contracts", "Service.Contracts\Service.Contracts.csproj", "{15C3BAD5-4EDF-4DB4-A087-EEB742E8D8C2}"
EndProject
Project("{FAE04EC0-301F-11D3-BF4B-00C04F79EFBC}") = "Shared", "Shared\Shared.csproj", "{2844355E-06C6-4208-BC48-FE2987095328}"
EndProject
Project("{E53339B2-1760-4266-BCC7-CA923CBCF16C}") = "docker-compose", "docker-compose.dcproj", "{81DDED9D-158B-E303-5F62-77A2896D2A5A}"
EndProject
Global
	GlobalSection(SolutionConfigurationPlatforms) = preSolution
		Debug|Any CPU = Debug|Any CPU
		Release|Any CPU = Release|Any CPU
	EndGlobalSection
	GlobalSection(ProjectConfigurationPlatforms) = postSolution
		{6FD90F23-0C9E-4FEC-ABD6-E17B60636D35}.Debug|Any CPU.ActiveCfg = Debug|Any CPU
		{6FD90F23-0C9E-4FEC-ABD6-E17B60636D35}.Debug|Any CPU.Build.0 = Debug|Any CPU
		{6FD90F23-0C9E-4FEC-ABD6-E17B60636D35}.Release|Any CPU.ActiveCfg = Release|Any CPU
		{6FD90F23-0C9E-4FEC-ABD6-E17B60636D35}.Release|Any CPU.Build.0 = Release|Any CPU
		{4F5050E8-1BC8-4F63-9377-4E9EA011D787}.Debug|Any CPU.ActiveCfg = Debug|Any CPU
		{4F5050E8-1BC8-4F63-9377-4E9EA011D787}.Debug|Any CPU.Build.0 = Debug|Any CPU
		{4F5050E8-1BC8-4F63-9377-4E9EA011D787}.Release|Any CPU.ActiveCfg = Release|Any CPU
		{4F5050E8-1BC8-4F63-9377-4E9EA011D787}.Release|Any CPU.Build.0 = Release|Any CPU
		{D092C6D8-A606-4C4D-B165-116BAD83F054}.Debug|Any CPU.ActiveCfg = Debug|Any CPU
		{D092C6D8-A606-4C4D-B165-116BAD83F054}.Debug|Any CPU.Build.0 = Debug|Any CPU
		{D092C6D8-A606-4C4D-B165-116BAD83F054}.Release|Any CPU.ActiveCfg = Release|Any CPU
		{D092C6D8-A606-4C4D-B165-116BAD83F054}.Release|Any CPU.Build.0 = Release|Any CPU
		{108F71E0-893A-4B32-B4E9-2F14C4B4FF26}.Debug|Any CPU.ActiveCfg = Debug|Any CPU
		{108F71E0-893A-4B32-B4E9-2F14C4B4FF26}.Debug|Any CPU.Build.0 = Debug|Any CPU
		{108F71E0-893A-4B32-B4E9-2F14C4B4FF26}.Release|Any CPU.ActiveCfg = Release|Any CPU
		{108F71E0-893A-4B32-B4E9-2F14C4B4FF26}.Release|Any CPU.Build.0 = Release|Any CPU
		{636CE0C6-CAAC-4B66-AB55-FEB24C037136}.Debug|Any CPU.ActiveCfg = Debug|Any CPU
		{636CE0C6-CAAC-4B66-AB55-FEB24C037136}.Debug|Any CPU.Build.0 = Debug|Any CPU
		{636CE0C6-CAAC-4B66-AB55-FEB24C037136}.Release|Any CPU.ActiveCfg = Release|Any CPU
		{636CE0C6-CAAC-4B66-AB55-FEB24C037136}.Release|Any CPU.Build.0 = Release|Any CPU
		{608E0A74-5F96-4760-AA82-A8744BC9D891}.Debug|Any CPU.ActiveCfg = Debug|Any CPU
		{608E0A74-5F96-4760-AA82-A8744BC9D891}.Debug|Any CPU.Build.0 = Debug|Any CPU
		{608E0A74-5F96-4760-AA82-A8744BC9D891}.Release|Any CPU.ActiveCfg = Release|Any CPU
		{608E0A74-5F96-4760-AA82-A8744BC9D891}.Release|Any CPU.Build.0 = Release|Any CPU
		{63D9FCBB-292A-4728-BFE2-59ADE7E55402}.Debug|Any CPU.ActiveCfg = Debug|Any CPU
		{63D9FCBB-292A-4728-BFE2-59ADE7E55402}.Debug|Any CPU.Build.0 = Debug|Any CPU
		{63D9FCBB-292A-4728-BFE2-59ADE7E55402}.Release|Any CPU.ActiveCfg = Release|Any CPU
		{63D9FCBB-292A-4728-BFE2-59ADE7E55402}.Release|Any CPU.Build.0 = Release|Any CPU
		{15C3BAD5-4EDF-4DB4-A087-EEB742E8D8C2}.Debug|Any CPU.ActiveCfg = Debug|Any CPU
		{15C3BAD5-4EDF-4DB4-A087-EEB742E8D8C2}.Debug|Any CPU.Build.0 = Debug|Any CPU
		{15C3BAD5-4EDF-4DB4-A087-EEB742E8D8C2}.Release|Any CPU.ActiveCfg = Release|Any CPU
		{15C3BAD5-4EDF-4DB4-A087-EEB742E8D8C2}.Release|Any CPU.Build.0 = Release|Any CPU
		{2844355E-06C6-4208-BC48-FE2987095328}.Debug|Any CPU.ActiveCfg = Debug|Any CPU
		{2844355E-06C6-4208-BC48-FE2987095328}.Debug|Any CPU.Build.0 = Debug|Any CPU
		{2844355E-06C6-4208-BC48-FE2987095328}.Release|Any CPU.ActiveCfg = Release|Any CPU
		{2844355E-06C6-4208-BC48-FE2987095328}.Release|Any CPU.Build.0 = Release|Any CPU
		{81DDED9D-158B-E303-5F62-77A2896D2A5A}.Debug|Any CPU.ActiveCfg = Debug|Any CPU
		{81DDED9D-158B-E303-5F62-77A2896D2A5A}.Debug|Any CPU.Build.0 = Debug|Any CPU
		{81DDED9D-158B-E303-5F62-77A2896D2A5A}.Release|Any CPU.ActiveCfg = Release|Any CPU
		{81DDED9D-158B-E303-5F62-77A2896D2A5A}.Release|Any CPU.Build.0 = Release|Any CPU
	EndGlobalSection
	GlobalSection(SolutionProperties) = preSolution
		HideSolutionNode = FALSE
	EndGlobalSection
	GlobalSection(ExtensibilityGlobals) = postSolution
		SolutionGuid = {4A732631-5A44-40DA-B353-F44BFBAF3014}
	EndGlobalSection
EndGlobal
